<?xml version="1.0" encoding="utf-8"?>
<Project ToolsVersion="4.0" xmlns="http://schemas.microsoft.com/developer/msbuild/2003">
  <ItemGroup>
    <Filter Include="Source Files">
      <UniqueIdentifier>{4FC737F1-C7A5-4376-A066-2A32D752A2FF}</UniqueIdentifier>
      <Extensions>cpp;c;cc;cxx;c++;cppm;ixx;def;odl;idl;hpj;bat;asm;asmx</Extensions>
    </Filter>
    <Filter Include="Header Files">
      <UniqueIdentifier>{93995380-89BD-4b04-88EB-625FBE52EBFB}</UniqueIdentifier>
      <Extensions>h;hh;hpp;hxx;h++;hm;inl;inc;ipp;xsd</Extensions>
    </Filter>
    <Filter Include="Resource Files">
      <UniqueIdentifier>{67DA6AB6-F800-4c08-8B7A-83BB121AAD01}</UniqueIdentifier>
      <Extensions>rc;ico;cur;bmp;dlg;rc2;rct;bin;rgs;gif;jpg;jpeg;jpe;resx;tiff;tif;png;wav;mfcribbon-ms</Extensions>
    </Filter>
  </ItemGroup>
  <ItemGroup>
    <ClCompile Include="Main.cpp">
      <Filter>Source Files</Filter>
    </ClCompile>
    <ClCompile Include="glad.c">
      <Filter>Source Files</Filter>
    </ClCompile>
    <ClCompile Include="src\OpenGL\EBO.cpp">
      <Filter>Source Files</Filter>
    </ClCompile>
    <ClCompile Include="src\OpenGL\ShaderClass.cpp">
      <Filter>Source Files</Filter>
    </ClCompile>
    <ClCompile Include="src\OpenGL\VAO.cpp">
      <Filter>Source Files</Filter>
    </ClCompile>
    <ClCompile Include="src\OpenGL\VBO.cpp">
      <Filter>Source Files</Filter>
    </ClCompile>
    <ClCompile Include="src\controls\Camera.cpp">
      <Filter>Source Files</Filter>
    </ClCompile>
    <ClCompile Include="src\modeling\Mesh.cpp">
      <Filter>Source Files</Filter>
    </ClCompile>
    <ClCompile Include="src\modeling\Body.cpp">
      <Filter>Source Files</Filter>
    </ClCompile>
    <ClCompile Include="src\modeling\Point.cpp">
      <Filter>Source Files</Filter>
    </ClCompile>
    <ClCompile Include="src\modeling\Triangle.cpp">
      <Filter>Source Files</Filter>
    </ClCompile>
    <ClCompile Include="src\modeling\Edge.cpp">
      <Filter>Source Files</Filter>
    </ClCompile>
    <ClCompile Include="src\rendering\MainRenderer.cpp">
      <Filter>Source Files</Filter>
    </ClCompile>
    <ClCompile Include="src\core\MainEngine.cpp">
      <Filter>Source Files</Filter>
    </ClCompile>
    <ClCompile Include="src\modeling\Delaunay.cpp">
      <Filter>Source Files</Filter>
    </ClCompile>
    <ClCompile Include="src\modeling\MyMath.cpp">
      <Filter>Source Files</Filter>
    </ClCompile>
    <ClCompile Include="src\testing\LineIntersectionTesting.cpp">
      <Filter>Source Files</Filter>
    </ClCompile>
    <ClCompile Include="src\core\Timer.cpp">
      <Filter>Source Files</Filter>
    </ClCompile>
    <ClCompile Include="src\modeling\TwoDMeshContainer.cpp">
      <Filter>Source Files</Filter>
    </ClCompile>
    <ClCompile Include="src\core\CsvWriter.cpp">
      <Filter>Source Files</Filter>
    </ClCompile>
  </ItemGroup>
  <ItemGroup>
    <ClInclude Include="headers\OpenGL\EBO.h">
      <Filter>Header Files</Filter>
    </ClInclude>
    <ClInclude Include="headers\OpenGL\ShaderClass.h">
      <Filter>Header Files</Filter>
    </ClInclude>
    <ClInclude Include="headers\OpenGL\VAO.h">
      <Filter>Header Files</Filter>
    </ClInclude>
    <ClInclude Include="headers\OpenGL\VBO.h">
      <Filter>Header Files</Filter>
    </ClInclude>
    <ClInclude Include="headers\controls\Camera.h">
      <Filter>Header Files</Filter>
    </ClInclude>
    <ClInclude Include="headers\GlobalVariables.h">
      <Filter>Header Files</Filter>
    </ClInclude>
    <ClInclude Include="headers\modeling\Mesh.h">
      <Filter>Header Files</Filter>
    </ClInclude>
    <ClInclude Include="headers\modeling\Body.h">
      <Filter>Header Files</Filter>
    </ClInclude>
    <ClInclude Include="headers\modeling\Point.h">
      <Filter>Header Files</Filter>
    </ClInclude>
    <ClInclude Include="headers\modeling\Triangle.h">
      <Filter>Header Files</Filter>
    </ClInclude>
    <ClInclude Include="headers\modeling\Edge.h">
      <Filter>Header Files</Filter>
    </ClInclude>
    <ClInclude Include="headers\rendering\MainRenderer.h">
      <Filter>Header Files</Filter>
    </ClInclude>
    <ClInclude Include="headers\core\MainEngine.h">
      <Filter>Header Files</Filter>
    </ClInclude>
    <ClInclude Include="headers\modeling\Delaunay.h">
      <Filter>Header Files</Filter>
    </ClInclude>
    <ClInclude Include="headers\modeling\MyMath.h">
      <Filter>Header Files</Filter>
    </ClInclude>
    <ClInclude Include="headers\testing\LineIntersectionTesting.h">
      <Filter>Header Files</Filter>
    </ClInclude>
    <ClInclude Include="headers\core\Timer.h">
      <Filter>Header Files</Filter>
    </ClInclude>
    <ClInclude Include="headers\modeling\TwoDMeshContainer.h">
      <Filter>Header Files</Filter>
    </ClInclude>
    <ClInclude Include="headers\core\Definitions.h">
      <Filter>Header Files</Filter>
    </ClInclude>
    <ClInclude Include="headers\core\CsvWriter.h">
      <Filter>Header Files</Filter>
    </ClInclude>
    <ClInclude Include="headers\core\GlobalVariables.h">
      <Filter>Header Files</Filter>
    </ClInclude>
  </ItemGroup>
  <ItemGroup>
    <None Include="shaders\default.frag" />
    <None Include="shaders\default.geom" />
    <None Include="shaders\default.vert" />
    <None Include="shaders\outline.frag" />
    <None Include="shaders\outline.geom" />
    <None Include="shaders\test.vert" />
    <None Include="shaders\test.frag" />
    <None Include="shaders\test.geom" />
    <None Include="models\cube.object" />
    <None Include="models\helicopter.object" />
    <None Include="models\points.delaunay" />
    <None Include="models\points2.delaunay" />
    <None Include="models\points3.delouney" />
    <None Include="models\test2.delaunay" />
    <None Include="models\test3.delouney" />
    <None Include="models\test4.delouney" />
    <None Include="models\testFish.delouney" />
    <None Include="models\testFish2.delaunay" />
    <None Include="models\testCar.delaunay" />
    <None Include="models\testButerflyGPT.delouney" />
    <None Include="models\testButerfly.delouney" />
    <None Include="models\testButerfly.delaunay" />
    <None Include="models\points2C.delaunay" />
    <None Include="models\testWithConcave.delaunay" />
    <None Include="models\testButerflyNew.delaunay" />
    <None Include="models\testTwoPoint.delaunay" />
    <None Include="models\buterflyDebug.delaunay" />
    <None Include="timingData.csv" />
  </ItemGroup>
</Project>